
Microsoft Visual Studio Solution File, Format Version 12.00
# Visual Studio Version 16
VisualStudioVersion = 16.0.33801.447
MinimumVisualStudioVersion = 10.0.40219.1
Project("{FAE04EC0-301F-11D3-BF4B-00C04F79EFBC}") = "NETKOplata", "NETKOplata\NETKOplata.csproj", "{7A838D5C-7DA8-4F06-B1D0-6187F8ED397C}"
EndProject
Global
	GlobalSection(SolutionConfigurationPlatforms) = preSolution
		Debug|Any CPU = Debug|Any CPU
		Release|Any CPU = Release|Any CPU
	EndGlobalSection
	GlobalSection(ProjectConfigurationPlatforms) = postSolution
		{7A838D5C-7DA8-4F06-B1D0-6187F8ED397C}.Debug|Any CPU.ActiveCfg = Debug|Any CPU
		{7A838D5C-7DA8-4F06-B1D0-6187F8ED397C}.Debug|Any CPU.Build.0 = Debug|Any CPU
		{7A838D5C-7DA8-4F06-B1D0-6187F8ED397C}.Release|Any CPU.ActiveCfg = Release|Any CPU
		{7A838D5C-7DA8-4F06-B1D0-6187F8ED397C}.Release|Any CPU.Build.0 = Release|Any CPU
	EndGlobalSection
	GlobalSection(SolutionProperties) = preSolution
		HideSolutionNode = FALSE
	EndGlobalSection
	GlobalSection(ExtensibilityGlobals) = postSolution
		SolutionGuid = {0DCB1917-16B1-4DCF-8BD4-86F554A5E57D}
	EndGlobalSection
EndGlobal
